
Microsoft Visual Studio Solution File, Format Version 12.00
# Visual Studio Version 17
VisualStudioVersion = 17.6.33815.320
MinimumVisualStudioVersion = 10.0.40219.1
Project("{FAE04EC0-301F-11D3-BF4B-00C04F79EFBC}") = "myApp", "myApp.csproj", "{937F136E-9C84-4EDD-B21C-6142A6EF588E}"
EndProject
Global
	GlobalSection(SolutionConfigurationPlatforms) = preSolution
		Debug|Any CPU = Debug|Any CPU
		Release|Any CPU = Release|Any CPU
	EndGlobalSection
	GlobalSection(ProjectConfigurationPlatforms) = postSolution
		{937F136E-9C84-4EDD-B21C-6142A6EF588E}.Debug|Any CPU.ActiveCfg = Debug|Any CPU
		{937F136E-9C84-4EDD-B21C-6142A6EF588E}.Debug|Any CPU.Build.0 = Debug|Any CPU
		{937F136E-9C84-4EDD-B21C-6142A6EF588E}.Release|Any CPU.ActiveCfg = Release|Any CPU
		{937F136E-9C84-4EDD-B21C-6142A6EF588E}.Release|Any CPU.Build.0 = Release|Any CPU
	EndGlobalSection
	GlobalSection(SolutionProperties) = preSolution
		HideSolutionNode = FALSE
	EndGlobalSection
	GlobalSection(ExtensibilityGlobals) = postSolution
		SolutionGuid = {BE426E81-C333-48AB-8E75-4C565762ADF9}
	EndGlobalSection
EndGlobal
